
Microsoft Visual Studio Solution File, Format Version 12.00
# Visual Studio Version 17
VisualStudioVersion = 17.8.34408.163
MinimumVisualStudioVersion = 10.0.40219.1
Project("{9A19103F-16F7-4668-BE54-9A1E7A4F7556}") = "RazorPizzeria", "RazorPizzeria.csproj", "{B4848CF3-F614-4661-B0DF-BA8586A59F99}"
EndProject
Global
	GlobalSection(SolutionConfigurationPlatforms) = preSolution
		Debug|Any CPU = Debug|Any CPU
		Release|Any CPU = Release|Any CPU
	EndGlobalSection
	GlobalSection(ProjectConfigurationPlatforms) = postSolution
		{B4848CF3-F614-4661-B0DF-BA8586A59F99}.Debug|Any CPU.ActiveCfg = Debug|Any CPU
		{B4848CF3-F614-4661-B0DF-BA8586A59F99}.Debug|Any CPU.Build.0 = Debug|Any CPU
		{B4848CF3-F614-4661-B0DF-BA8586A59F99}.Release|Any CPU.ActiveCfg = Release|Any CPU
		{B4848CF3-F614-4661-B0DF-BA8586A59F99}.Release|Any CPU.Build.0 = Release|Any CPU
	EndGlobalSection
	GlobalSection(SolutionProperties) = preSolution
		HideSolutionNode = FALSE
	EndGlobalSection
	GlobalSection(ExtensibilityGlobals) = postSolution
		SolutionGuid = {843706EB-4184-496C-AB72-0870F8B10986}
	EndGlobalSection
EndGlobal
